
Microsoft Visual Studio Solution File, Format Version 12.00
# Visual Studio Version 16
VisualStudioVersion = 16.0.30907.101
MinimumVisualStudioVersion = 10.0.40219.1
Project("{FAE04EC0-301F-11D3-BF4B-00C04F79EFBC}") = "CD_DYIG_BETA", "CD_DYIG_BETA\CD_DYIG_BETA.csproj", "{370F585D-284D-49BD-BF51-CAEE7F2955FE}"
EndProject
Global
	GlobalSection(SolutionConfigurationPlatforms) = preSolution
		Debug|Any CPU = Debug|Any CPU
		Release|Any CPU = Release|Any CPU
	EndGlobalSection
	GlobalSection(ProjectConfigurationPlatforms) = postSolution
		{370F585D-284D-49BD-BF51-CAEE7F2955FE}.Debug|Any CPU.ActiveCfg = Debug|Any CPU
		{370F585D-284D-49BD-BF51-CAEE7F2955FE}.Debug|Any CPU.Build.0 = Debug|Any CPU
		{370F585D-284D-49BD-BF51-CAEE7F2955FE}.Release|Any CPU.ActiveCfg = Release|Any CPU
		{370F585D-284D-49BD-BF51-CAEE7F2955FE}.Release|Any CPU.Build.0 = Release|Any CPU
	EndGlobalSection
	GlobalSection(SolutionProperties) = preSolution
		HideSolutionNode = FALSE
	EndGlobalSection
	GlobalSection(ExtensibilityGlobals) = postSolution
		SolutionGuid = {17A658D8-4977-42D9-8BA9-373DBD838879}
	EndGlobalSection
EndGlobal
